// !$*UTF8*$!
{
	archiveVersion = 1;
	classes = {
	};
	objectVersion = 56;
	objects = {

/* Begin PBXBuildFile section */
		B3B31E8628F4495600079E38 /* AppDelegate.swift in Sources */ = {isa = PBXBuildFile; fileRef = B3B31E8528F4495600079E38 /* AppDelegate.swift */; };
		B3B31E8A28F4495600079E38 /* ViewController.swift in Sources */ = {isa = PBXBuildFile; fileRef = B3B31E8928F4495600079E38 /* ViewController.swift */; };
		B3B31E8F28F4495700079E38 /* Assets.xcassets in Resources */ = {isa = PBXBuildFile; fileRef = B3B31E8E28F4495700079E38 /* Assets.xcassets */; };
		B3B31E9228F4495700079E38 /* LaunchScreen.storyboard in Resources */ = {isa = PBXBuildFile; fileRef = B3B31E9028F4495700079E38 /* LaunchScreen.storyboard */; };
		B3B31E9A28F449EE00079E38 /* DeviceSizes.swift in Sources */ = {isa = PBXBuildFile; fileRef = B3B31E9928F449EE00079E38 /* DeviceSizes.swift */; };
		B3B31E9D28F44EC000079E38 /* Lottie in Frameworks */ = {isa = PBXBuildFile; productRef = B3B31E9C28F44EC000079E38 /* Lottie */; };
		B3B31EA128F49D7A00079E38 /* 97930-loading.json in Resources */ = {isa = PBXBuildFile; fileRef = B3B31EA028F49D7A00079E38 /* 97930-loading.json */; };
		B3B31EA328F4A87A00079E38 /* HomeViewController.swift in Sources */ = {isa = PBXBuildFile; fileRef = B3B31EA228F4A87A00079E38 /* HomeViewController.swift */; };
		B3B31EA528F4B18B00079E38 /* 98288-loading.json in Resources */ = {isa = PBXBuildFile; fileRef = B3B31EA428F4B18B00079E38 /* 98288-loading.json */; };
		B3B31EA728F4C55400079E38 /* 113034-start-stop-toggle.json in Resources */ = {isa = PBXBuildFile; fileRef = B3B31EA628F4C55400079E38 /* 113034-start-stop-toggle.json */; };
/* End PBXBuildFile section */

/* Begin PBXFileReference section */
		B3B31E8228F4495600079E38 /* LottieTutorial.app */ = {isa = PBXFileReference; explicitFileType = wrapper.application; includeInIndex = 0; path = LottieTutorial.app; sourceTree = BUILT_PRODUCTS_DIR; };
		B3B31E8528F4495600079E38 /* AppDelegate.swift */ = {isa = PBXFileReference; lastKnownFileType = sourcecode.swift; path = AppDelegate.swift; sourceTree = "<group>"; };
		B3B31E8928F4495600079E38 /* ViewController.swift */ = {isa = PBXFileReference; lastKnownFileType = sourcecode.swift; path = ViewController.swift; sourceTree = "<group>"; };
		B3B31E8E28F4495700079E38 /* Assets.xcassets */ = {isa = PBXFileReference; lastKnownFileType = folder.assetcatalog; path = Assets.xcassets; sourceTree = "<group>"; };
		B3B31E9128F4495700079E38 /* Base */ = {isa = PBXFileReference; lastKnownFileType = file.storyboard; name = Base; path = Base.lproj/LaunchScreen.storyboard; sourceTree = "<group>"; };
		B3B31E9328F4495700079E38 /* Info.plist */ = {isa = PBXFileReference; lastKnownFileType = text.plist.xml; path = Info.plist; sourceTree = "<group>"; };
		B3B31E9928F449EE00079E38 /* DeviceSizes.swift */ = {isa = PBXFileReference; lastKnownFileType = sourcecode.swift; path = DeviceSizes.swift; sourceTree = "<group>"; };
		B3B31EA028F49D7A00079E38 /* 97930-loading.json */ = {isa = PBXFileReference; fileEncoding = 4; lastKnownFileType = text.json; path = "97930-loading.json"; sourceTree = "<group>"; };
		B3B31EA228F4A87A00079E38 /* HomeViewController.swift */ = {isa = PBXFileReference; lastKnownFileType = sourcecode.swift; path = HomeViewController.swift; sourceTree = "<group>"; };
		B3B31EA428F4B18B00079E38 /* 98288-loading.json */ = {isa = PBXFileReference; fileEncoding = 4; lastKnownFileType = text.json; path = "98288-loading.json"; sourceTree = "<group>"; };
		B3B31EA628F4C55400079E38 /* 113034-start-stop-toggle.json */ = {isa = PBXFileReference; fileEncoding = 4; lastKnownFileType = text.json; path = "113034-start-stop-toggle.json"; sourceTree = "<group>"; };
/* End PBXFileReference section */

/* Begin PBXFrameworksBuildPhase section */
		B3B31E7F28F4495600079E38 /* Frameworks */ = {
			isa = PBXFrameworksBuildPhase;
			buildActionMask = 2147483647;
			files = (
				B3B31E9D28F44EC000079E38 /* Lottie in Frameworks */,
			);
			runOnlyForDeploymentPostprocessing = 0;
		};
/* End PBXFrameworksBuildPhase section */

/* Begin PBXGroup section */
		B3B31E7928F4495600079E38 = {
			isa = PBXGroup;
			children = (
				B3B31E8428F4495600079E38 /* LottieTutorial */,
				B3B31E8328F4495600079E38 /* Products */,
			);
			sourceTree = "<group>";
		};
		B3B31E8328F4495600079E38 /* Products */ = {
			isa = PBXGroup;
			children = (
				B3B31E8228F4495600079E38 /* LottieTutorial.app */,
			);
			name = Products;
			sourceTree = "<group>";
		};
		B3B31E8428F4495600079E38 /* LottieTutorial */ = {
			isa = PBXGroup;
			children = (
				B3B31E9928F449EE00079E38 /* DeviceSizes.swift */,
				B3B31E8528F4495600079E38 /* AppDelegate.swift */,
				B3B31E8928F4495600079E38 /* ViewController.swift */,
				B3B31EA228F4A87A00079E38 /* HomeViewController.swift */,
				B3B31E8E28F4495700079E38 /* Assets.xcassets */,
				B3B31E9028F4495700079E38 /* LaunchScreen.storyboard */,
				B3B31EA028F49D7A00079E38 /* 97930-loading.json */,
				B3B31EA628F4C55400079E38 /* 113034-start-stop-toggle.json */,
				B3B31EA428F4B18B00079E38 /* 98288-loading.json */,
				B3B31E9328F4495700079E38 /* Info.plist */,
			);
			path = LottieTutorial;
			sourceTree = "<group>";
		};
/* End PBXGroup section */

/* Begin PBXNativeTarget section */
		B3B31E8128F4495600079E38 /* LottieTutorial */ = {
			isa = PBXNativeTarget;
			buildConfigurationList = B3B31E9628F4495700079E38 /* Build configuration list for PBXNativeTarget "LottieTutorial" */;
			buildPhases = (
				B3B31E7E28F4495600079E38 /* Sources */,
				B3B31E7F28F4495600079E38 /* Frameworks */,
				B3B31E8028F4495600079E38 /* Resources */,
			);
			buildRules = (
			);
			dependencies = (
			);
			name = LottieTutorial;
			packageProductDependencies = (
				B3B31E9C28F44EC000079E38 /* Lottie */,
			);
			productName = LottieTutorial;
			productReference = B3B31E8228F4495600079E38 /* LottieTutorial.app */;
			productType = "com.apple.product-type.application";
		};
/* End PBXNativeTarget section */

/* Begin PBXProject section */
		B3B31E7A28F4495600079E38 /* Project object */ = {
			isa = PBXProject;
			attributes = {
				BuildIndependentTargetsInParallel = 1;
				LastSwiftUpdateCheck = 1400;
				LastUpgradeCheck = 1400;
				TargetAttributes = {
					B3B31E8128F4495600079E38 = {
						CreatedOnToolsVersion = 14.0;
					};
				};
			};
			buildConfigurationList = B3B31E7D28F4495600079E38 /* Build configuration list for PBXProject "LottieTutorial" */;
			compatibilityVersion = "Xcode 14.0";
			developmentRegion = en;
			hasScannedForEncodings = 0;
			knownRegions = (
				en,
				Base,
			);
			mainGroup = B3B31E7928F4495600079E38;
			packageReferences = (
				B3B31E9B28F44EBF00079E38 /* XCRemoteSwiftPackageReference "lottie-ios" */,
			);
			productRefGroup = B3B31E8328F4495600079E38 /* Products */;
			projectDirPath = "";
			projectRoot = "";
			targets = (
				B3B31E8128F4495600079E38 /* LottieTutorial */,
			);
		};
/* End PBXProject section */

/* Begin PBXResourcesBuildPhase section */
		B3B31E8028F4495600079E38 /* Resources */ = {
			isa = PBXResourcesBuildPhase;
			buildActionMask = 2147483647;
			files = (
				B3B31EA728F4C55400079E38 /* 113034-start-stop-toggle.json in Resources */,
				B3B31EA528F4B18B00079E38 /* 98288-loading.json in Resources */,
				B3B31EA128F49D7A00079E38 /* 97930-loading.json in Resources */,
				B3B31E9228F4495700079E38 /* LaunchScreen.storyboard in Resources */,
				B3B31E8F28F4495700079E38 /* Assets.xcassets in Resources */,
			);
			runOnlyForDeploymentPostprocessing = 0;
		};
/* End PBXResourcesBuildPhase section */

/* Begin PBXSourcesBuildPhase section */
		B3B31E7E28F4495600079E38 /* Sources */ = {
			isa = PBXSourcesBuildPhase;
			buildActionMask = 2147483647;
			files = (
				B3B31E8A28F4495600079E38 /* ViewController.swift in Sources */,
				B3B31E8628F4495600079E38 /* AppDelegate.swift in Sources */,
				B3B31E9A28F449EE00079E38 /* DeviceSizes.swift in Sources */,
				B3B31EA328F4A87A00079E38 /* HomeViewController.swift in Sources */,
			);
			runOnlyForDeploymentPostprocessing = 0;
		};
/* End PBXSourcesBuildPhase section */

/* Begin PBXVariantGroup section */
		B3B31E9028F4495700079E38 /* LaunchScreen.storyboard */ = {
			isa = PBXVariantGroup;
			children = (
				B3B31E9128F4495700079E38 /* Base */,
			);
			name = LaunchScreen.storyboard;
			sourceTree = "<group>";
		};
/* End PBXVariantGroup section */

/* Begin XCBuildConfiguration section */
		B3B31E9428F4495700079E38 /* Debug */ = {
			isa = XCBuildConfiguration;
			buildSettings = {
				ALWAYS_SEARCH_USER_PATHS = NO;
				CLANG_ANALYZER_NONNULL = YES;
				CLANG_ANALYZER_NUMBER_OBJECT_CONVERSION = YES_AGGRESSIVE;
				CLANG_CXX_LANGUAGE_STANDARD = "gnu++20";
				CLANG_ENABLE_MODULES = YES;
				CLANG_ENABLE_OBJC_ARC = YES;
				CLANG_ENABLE_OBJC_WEAK = YES;
				CLANG_WARN_BLOCK_CAPTURE_AUTORELEASING = YES;
				CLANG_WARN_BOOL_CONVERSION = YES;
				CLANG_WARN_COMMA = YES;
				CLANG_WARN_CONSTANT_CONVERSION = YES;
				CLANG_WARN_DEPRECATED_OBJC_IMPLEMENTATIONS = YES;
				CLANG_WARN_DIRECT_OBJC_ISA_USAGE = YES_ERROR;
				CLANG_WARN_DOCUMENTATION_COMMENTS = YES;
				CLANG_WARN_EMPTY_BODY = YES;
				CLANG_WARN_ENUM_CONVERSION = YES;
				CLANG_WARN_INFINITE_RECURSION = YES;
				CLANG_WARN_INT_CONVERSION = YES;
				CLANG_WARN_NON_LITERAL_NULL_CONVERSION = YES;
				CLANG_WARN_OBJC_IMPLICIT_RETAIN_SELF = YES;
				CLANG_WARN_OBJC_LITERAL_CONVERSION = YES;
				CLANG_WARN_OBJC_ROOT_CLASS = YES_ERROR;
				CLANG_WARN_QUOTED_INCLUDE_IN_FRAMEWORK_HEADER = YES;
				CLANG_WARN_RANGE_LOOP_ANALYSIS = YES;
				CLANG_WARN_STRICT_PROTOTYPES = YES;
				CLANG_WARN_SUSPICIOUS_MOVE = YES;
				CLANG_WARN_UNGUARDED_AVAILABILITY = YES_AGGRESSIVE;
				CLANG_WARN_UNREACHABLE_CODE = YES;
				CLANG_WARN__DUPLICATE_METHOD_MATCH = YES;
				COPY_PHASE_STRIP = NO;
				DEBUG_INFORMATION_FORMAT = dwarf;
				ENABLE_STRICT_OBJC_MSGSEND = YES;
				ENABLE_TESTABILITY = YES;
				GCC_C_LANGUAGE_STANDARD = gnu11;
				GCC_DYNAMIC_NO_PIC = NO;
				GCC_NO_COMMON_BLOCKS = YES;
				GCC_OPTIMIZATION_LEVEL = 0;
				GCC_PREPROCESSOR_DEFINITIONS = (
					"DEBUG=1",
					"$(inherited)",
				);
				GCC_WARN_64_TO_32_BIT_CONVERSION = YES;
				GCC_WARN_ABOUT_RETURN_TYPE = YES_ERROR;
				GCC_WARN_UNDECLARED_SELECTOR = YES;
				GCC_WARN_UNINITIALIZED_AUTOS = YES_AGGRESSIVE;
				GCC_WARN_UNUSED_FUNCTION = YES;
				GCC_WARN_UNUSED_VARIABLE = YES;
				IPHONEOS_DEPLOYMENT_TARGET = 16.0;
				MTL_ENABLE_DEBUG_INFO = INCLUDE_SOURCE;
				MTL_FAST_MATH = YES;
				ONLY_ACTIVE_ARCH = YES;
				SDKROOT = iphoneos;
				SWIFT_ACTIVE_COMPILATION_CONDITIONS = DEBUG;
				SWIFT_OPTIMIZATION_LEVEL = "-Onone";
			};
			name = Debug;
		};
		B3B31E9528F4495700079E38 /* Release */ = {
			isa = XCBuildConfiguration;
			buildSettings = {
				ALWAYS_SEARCH_USER_PATHS = NO;
				CLANG_ANALYZER_NONNULL = YES;
				CLANG_ANALYZER_NUMBER_OBJECT_CONVERSION = YES_AGGRESSIVE;
				CLANG_CXX_LANGUAGE_STANDARD = "gnu++20";
				CLANG_ENABLE_MODULES = YES;
				CLANG_ENABLE_OBJC_ARC = YES;
				CLANG_ENABLE_OBJC_WEAK = YES;
				CLANG_WARN_BLOCK_CAPTURE_AUTORELEASING = YES;
				CLANG_WARN_BOOL_CONVERSION = YES;
				CLANG_WARN_COMMA = YES;
				CLANG_WARN_CONSTANT_CONVERSION = YES;
				CLANG_WARN_DEPRECATED_OBJC_IMPLEMENTATIONS = YES;
				CLANG_WARN_DIRECT_OBJC_ISA_USAGE = YES_ERROR;
				CLANG_WARN_DOCUMENTATION_COMMENTS = YES;
				CLANG_WARN_EMPTY_BODY = YES;
				CLANG_WARN_ENUM_CONVERSION = YES;
				CLANG_WARN_INFINITE_RECURSION = YES;
				CLANG_WARN_INT_CONVERSION = YES;
				CLANG_WARN_NON_LITERAL_NULL_CONVERSION = YES;
				CLANG_WARN_OBJC_IMPLICIT_RETAIN_SELF = YES;
				CLANG_WARN_OBJC_LITERAL_CONVERSION = YES;
				CLANG_WARN_OBJC_ROOT_CLASS = YES_ERROR;
				CLANG_WARN_QUOTED_INCLUDE_IN_FRAMEWORK_HEADER = YES;
				CLANG_WARN_RANGE_LOOP_ANALYSIS = YES;
				CLANG_WARN_STRICT_PROTOTYPES = YES;
				CLANG_WARN_SUSPICIOUS_MOVE = YES;
				CLANG_WARN_UNGUARDED_AVAILABILITY = YES_AGGRESSIVE;
				CLANG_WARN_UNREACHABLE_CODE = YES;
				CLANG_WARN__DUPLICATE_METHOD_MATCH = YES;
				COPY_PHASE_STRIP = NO;
				DEBUG_INFORMATION_FORMAT = "dwarf-with-dsym";
				ENABLE_NS_ASSERTIONS = NO;
				ENABLE_STRICT_OBJC_MSGSEND = YES;
				GCC_C_LANGUAGE_STANDARD = gnu11;
				GCC_NO_COMMON_BLOCKS = YES;
				GCC_WARN_64_TO_32_BIT_CONVERSION = YES;
				GCC_WARN_ABOUT_RETURN_TYPE = YES_ERROR;
				GCC_WARN_UNDECLARED_SELECTOR = YES;
				GCC_WARN_UNINITIALIZED_AUTOS = YES_AGGRESSIVE;
				GCC_WARN_UNUSED_FUNCTION = YES;
				GCC_WARN_UNUSED_VARIABLE = YES;
				IPHONEOS_DEPLOYMENT_TARGET = 16.0;
				MTL_ENABLE_DEBUG_INFO = NO;
				MTL_FAST_MATH = YES;
				SDKROOT = iphoneos;
				SWIFT_COMPILATION_MODE = wholemodule;
				SWIFT_OPTIMIZATION_LEVEL = "-O";
				VALIDATE_PRODUCT = YES;
			};
			name = Release;
		};
		B3B31E9728F4495700079E38 /* Debug */ = {
			isa = XCBuildConfiguration;
			buildSettings = {
				ASSETCATALOG_COMPILER_APPICON_NAME = AppIcon;
				ASSETCATALOG_COMPILER_GLOBAL_ACCENT_COLOR_NAME = AccentColor;
				CODE_SIGN_STYLE = Automatic;
				CURRENT_PROJECT_VERSION = 1;
				DEVELOPMENT_TEAM = 3VFN5926F6;
				GENERATE_INFOPLIST_FILE = YES;
				INFOPLIST_FILE = LottieTutorial/Info.plist;
				INFOPLIST_KEY_UIApplicationSupportsIndirectInputEvents = YES;
				INFOPLIST_KEY_UILaunchStoryboardName = LaunchScreen;
				INFOPLIST_KEY_UIMainStoryboardFile = "";
				INFOPLIST_KEY_UISupportedInterfaceOrientations_iPad = "UIInterfaceOrientationPortrait UIInterfaceOrientationPortraitUpsideDown UIInterfaceOrientationLandscapeLeft UIInterfaceOrientationLandscapeRight";
				INFOPLIST_KEY_UISupportedInterfaceOrientations_iPhone = "UIInterfaceOrientationPortrait UIInterfaceOrientationLandscapeLeft UIInterfaceOrientationLandscapeRight";
				LD_RUNPATH_SEARCH_PATHS = (
					"$(inherited)",
					"@executable_path/Frameworks",
				);
				MARKETING_VERSION = 1.0;
				PRODUCT_BUNDLE_IDENTIFIER = com.senakurtak.LottieTutorial;
				PRODUCT_NAME = "$(TARGET_NAME)";
				SWIFT_EMIT_LOC_STRINGS = YES;
				SWIFT_VERSION = 5.0;
				TARGETED_DEVICE_FAMILY = "1,2";
			};
			name = Debug;
		};
		B3B31E9828F4495700079E38 /* Release */ = {
			isa = XCBuildConfiguration;
			buildSettings = {
				ASSETCATALOG_COMPILER_APPICON_NAME = AppIcon;
				ASSETCATALOG_COMPILER_GLOBAL_ACCENT_COLOR_NAME = AccentColor;
				CODE_SIGN_STYLE = Automatic;
				CURRENT_PROJECT_VERSION = 1;
				DEVELOPMENT_TEAM = 3VFN5926F6;
				GENERATE_INFOPLIST_FILE = YES;
				INFOPLIST_FILE = LottieTutorial/Info.plist;
				INFOPLIST_KEY_UIApplicationSupportsIndirectInputEvents = YES;
				INFOPLIST_KEY_UILaunchStoryboardName = LaunchScreen;
				INFOPLIST_KEY_UIMainStoryboardFile = "";
				INFOPLIST_KEY_UISupportedInterfaceOrientations_iPad = "UIInterfaceOrientationPortrait UIInterfaceOrientationPortraitUpsideDown UIInterfaceOrientationLandscapeLeft UIInterfaceOrientationLandscapeRight";
				INFOPLIST_KEY_UISupportedInterfaceOrientations_iPhone = "UIInterfaceOrientationPortrait UIInterfaceOrientationLandscapeLeft UIInterfaceOrientationLandscapeRight";
				LD_RUNPATH_SEARCH_PATHS = (
					"$(inherited)",
					"@executable_path/Frameworks",
				);
				MARKETING_VERSION = 1.0;
				PRODUCT_BUNDLE_IDENTIFIER = com.senakurtak.LottieTutorial;
				PRODUCT_NAME = "$(TARGET_NAME)";
				SWIFT_EMIT_LOC_STRINGS = YES;
				SWIFT_VERSION = 5.0;
				TARGETED_DEVICE_FAMILY = "1,2";
			};
			name = Release;
		};
/* End XCBuildConfiguration section */

/* Begin XCConfigurationList section */
		B3B31E7D28F4495600079E38 /* Build configuration list for PBXProject "LottieTutorial" */ = {
			isa = XCConfigurationList;
			buildConfigurations = (
				B3B31E9428F4495700079E38 /* Debug */,
				B3B31E9528F4495700079E38 /* Release */,
			);
			defaultConfigurationIsVisible = 0;
			defaultConfigurationName = Release;
		};
		B3B31E9628F4495700079E38 /* Build configuration list for PBXNativeTarget "LottieTutorial" */ = {
			isa = XCConfigurationList;
			buildConfigurations = (
				B3B31E9728F4495700079E38 /* Debug */,
				B3B31E9828F4495700079E38 /* Release */,
			);
			defaultConfigurationIsVisible = 0;
			defaultConfigurationName = Release;
		};
/* End XCConfigurationList section */

/* Begin XCRemoteSwiftPackageReference section */
		B3B31E9B28F44EBF00079E38 /* XCRemoteSwiftPackageReference "lottie-ios" */ = {
			isa = XCRemoteSwiftPackageReference;
			repositoryURL = "https://github.com/airbnb/lottie-ios";
			requirement = {
				kind = upToNextMajorVersion;
				minimumVersion = 3.0.0;
			};
		};
/* End XCRemoteSwiftPackageReference section */

/* Begin XCSwiftPackageProductDependency section */
		B3B31E9C28F44EC000079E38 /* Lottie */ = {
			isa = XCSwiftPackageProductDependency;
			package = B3B31E9B28F44EBF00079E38 /* XCRemoteSwiftPackageReference "lottie-ios" */;
			productName = Lottie;
		};
/* End XCSwiftPackageProductDependency section */
	};
	rootObject = B3B31E7A28F4495600079E38 /* Project object */;
}
